speakeasyVersion: 1.759.1
sources:
    my-source:
        sourceNamespace: my-source
        sourceRevisionDigest: sha256:46d2d3fbc172da81f06233dd1ca6447ffda4f61e1a070e1a3ebf2d79833158bb
        sourceBlobDigest: sha256:32629e12788197e47087a513dddd7268e312e34ebcdf92b037a278687f751892
        tags:
            - latest
            - speakeasy-sdk-regen-1732202901
    stacks-source:
        sourceNamespace: stacks-source
        sourceRevisionDigest: sha256:2b091239b0e14d2cedfbaa94f1449a640250922d12b5d1dee465ded6ef906b0a
        sourceBlobDigest: sha256:7cd29d40c5b11bbf2a0eaa78a9786f9169f7939f451ca0be498def5cb3136d6f
        tags:
            - latest
targets:
    Java:
        source: stacks-source
        sourceNamespace: stacks-source
        sourceRevisionDigest: sha256:2b091239b0e14d2cedfbaa94f1449a640250922d12b5d1dee465ded6ef906b0a
        sourceBlobDigest: sha256:7cd29d40c5b11bbf2a0eaa78a9786f9169f7939f451ca0be498def5cb3136d6f
        codeSamplesNamespace: stacks-source-java-code-samples
        codeSamplesRevisionDigest: sha256:471051c6e7c9bac05b63319578b0a428dca44509670e52b181e7671149544f4c
workflow:
    workflowVersion: 1.0.0
    speakeasyVersion: latest
    sources:
        stacks-source:
            inputs:
                - location: registry.speakeasyapi.dev/formance/formance/stacks-source@latest
            registry:
                location: registry.speakeasyapi.dev/formance/formance/stacks-source
    targets:
        Java:
            target: java
            source: stacks-source
            publish:
                java:
                    ossrhUsername: $OSSRH_USERNAME
                    ossrhPassword: $OSSRH_PASSWORD
                    gpgSecretKey: $JAVA_GPG_SECRET_KEY
                    gpgPassPhrase: $JAVA_GPG_PASSPHRASE
            codeSamples:
                registry:
                    location: registry.speakeasyapi.dev/formance/formance/stacks-source-java-code-samples
                labelOverride:
                    fixedValue: Java (SDK)
                blocking: false
