speakeasyVersion: 1.606.0
sources:
    my-source:
        sourceNamespace: my-source
        sourceRevisionDigest: sha256:46d2d3fbc172da81f06233dd1ca6447ffda4f61e1a070e1a3ebf2d79833158bb
        sourceBlobDigest: sha256:32629e12788197e47087a513dddd7268e312e34ebcdf92b037a278687f751892
        tags:
            - latest
            - speakeasy-sdk-regen-1732202901
    stacks-source:
        sourceNamespace: stacks-source
        sourceRevisionDigest: sha256:fdd647ec761a320ea71c8b1d466fb5e760cf7f2b1296d3522d9d1706afb0e4c3
        sourceBlobDigest: sha256:b4f71aed3da317fc4aeaa3a423976f893198810336c71f2ffef1d630f1a925d4
        tags:
            - latest
            - speakeasy-sdk-regen-1755777865
            - v3.0.5
targets:
    Java:
        source: stacks-source
        sourceNamespace: stacks-source
        sourceRevisionDigest: sha256:fdd647ec761a320ea71c8b1d466fb5e760cf7f2b1296d3522d9d1706afb0e4c3
        sourceBlobDigest: sha256:b4f71aed3da317fc4aeaa3a423976f893198810336c71f2ffef1d630f1a925d4
        codeSamplesNamespace: stacks-source-java-code-samples
        codeSamplesRevisionDigest: sha256:ce97eac0e93fb9333d5518e3316cee69bf3bfe5f29e884a6a6cb2956e8f46e1a
workflow:
    workflowVersion: 1.0.0
    speakeasyVersion: latest
    sources:
        stacks-source:
            inputs:
                - location: https://github.com/formancehq/stack/releases/download/v3.0.5/generate.json
            registry:
                location: registry.speakeasyapi.dev/formance/formance/stacks-source
    targets:
        Java:
            target: java
            source: stacks-source
            publish:
                java:
                    ossrhUsername: $OSSRH_USERNAME
                    ossrhPassword: $OSSRH_PASSWORD
                    gpgSecretKey: $JAVA_GPG_SECRET_KEY
                    gpgPassPhrase: $JAVA_GPG_PASSPHRASE
            codeSamples:
                registry:
                    location: registry.speakeasyapi.dev/formance/formance/stacks-source-java-code-samples
                labelOverride:
                    fixedValue: Java (SDK)
                blocking: false
