speakeasyVersion: 1.441.1
sources:
    my-source:
        sourceNamespace: my-source
        sourceRevisionDigest: sha256:a48e51f8b9cd65d16d9156d12e3efd17525cb6f7aa73b922a8bc8a9cbbb3e193
        sourceBlobDigest: sha256:32629e12788197e47087a513dddd7268e312e34ebcdf92b037a278687f751892
        tags:
            - latest
            - speakeasy-sdk-regen-1738258609
targets:
    Java:
        source: my-source
        sourceNamespace: my-source
        sourceRevisionDigest: sha256:a48e51f8b9cd65d16d9156d12e3efd17525cb6f7aa73b922a8bc8a9cbbb3e193
        sourceBlobDigest: sha256:32629e12788197e47087a513dddd7268e312e34ebcdf92b037a278687f751892
        codeSamplesNamespace: my-source-java-code-samples
        codeSamplesRevisionDigest: sha256:3a799af2de3adfd042df58a15e860eb39e7733f8d4b89dbf9f9a770b40dbc004
workflow:
    workflowVersion: 1.0.0
    speakeasyVersion: latest
    sources:
        my-source:
            inputs:
                - location: https://github.com/formancehq/stack/releases/download/v2.1.1/generate.json
            registry:
                location: registry.speakeasyapi.dev/formance/formance/my-source
    targets:
        Java:
            target: java
            source: my-source
            publish:
                java:
                    ossrhUsername: $OSSRH_USERNAME
                    ossrhPassword: $OSSRH_PASSWORD
                    gpgSecretKey: $JAVA_GPG_SECRET_KEY
                    gpgPassPhrase: $JAVA_GPG_PASSPHRASE
                    useSonatypeLegacy: true
            codeSamples:
                registry:
                    location: registry.speakeasyapi.dev/formance/formance/my-source-java-code-samples
                blocking: false
